
Microsoft Visual Studio Solution File, Format Version 12.00
# Visual Studio Version 17
VisualStudioVersion = 17.5.002.0
MinimumVisualStudioVersion = 10.0.40219.1
Project("{9A19103F-16F7-4668-BE54-9A1E7A4F7556}") = "minproject", "minproject.csproj", "{ECD42E14-C787-413A-B00C-643A5EC9C229}"
EndProject
Global
	GlobalSection(SolutionConfigurationPlatforms) = preSolution
		Debug|Any CPU = Debug|Any CPU
		Release|Any CPU = Release|Any CPU
	EndGlobalSection
	GlobalSection(ProjectConfigurationPlatforms) = postSolution
		{ECD42E14-C787-413A-B00C-643A5EC9C229}.Debug|Any CPU.ActiveCfg = Debug|Any CPU
		{ECD42E14-C787-413A-B00C-643A5EC9C229}.Debug|Any CPU.Build.0 = Debug|Any CPU
		{ECD42E14-C787-413A-B00C-643A5EC9C229}.Release|Any CPU.ActiveCfg = Release|Any CPU
		{ECD42E14-C787-413A-B00C-643A5EC9C229}.Release|Any CPU.Build.0 = Release|Any CPU
	EndGlobalSection
	GlobalSection(SolutionProperties) = preSolution
		HideSolutionNode = FALSE
	EndGlobalSection
	GlobalSection(ExtensibilityGlobals) = postSolution
		SolutionGuid = {7AE6BF10-6692-42ED-BBF0-41FCC70E8A9F}
	EndGlobalSection
EndGlobal
